// !$*UTF8*$!
{
	archiveVersion = 1;
	classes = {
	};
	objectVersion = 56;
	objects = {

/* Begin PBXBuildFile section */
		8085C413293C8AC500975214 /* MultiPeerApp.swift in Sources */ = {isa = PBXBuildFile; fileRef = 8085C412293C8AC500975214 /* MultiPeerApp.swift */; };
		8085C415293C8AC500975214 /* PeersView.swift in Sources */ = {isa = PBXBuildFile; fileRef = 8085C414293C8AC500975214 /* PeersView.swift */; };
		8085C417293C8AC600975214 /* Assets.xcassets in Resources */ = {isa = PBXBuildFile; fileRef = 8085C416293C8AC600975214 /* Assets.xcassets */; };
		8085C41B293C8AC600975214 /* Preview Assets.xcassets in Resources */ = {isa = PBXBuildFile; fileRef = 8085C41A293C8AC600975214 /* Preview Assets.xcassets */; };
		8085C424293C8B1500975214 /* PeersVm.swift in Sources */ = {isa = PBXBuildFile; fileRef = 8085C423293C8B1500975214 /* PeersVm.swift */; };
		8085C426293C8B2500975214 /* PeersController.swift in Sources */ = {isa = PBXBuildFile; fileRef = 8085C425293C8B2500975214 /* PeersController.swift */; };
		8085C429293D8DF700975214 /* Extensions.swift in Sources */ = {isa = PBXBuildFile; fileRef = 8085C428293D8DF700975214 /* Extensions.swift */; };
		80A82A692941A17A00DB401B /* PeersC+Advertiser.swift in Sources */ = {isa = PBXBuildFile; fileRef = 80A82A682941A17A00DB401B /* PeersC+Advertiser.swift */; };
		80A82A6B2941A1A700DB401B /* PeersC+Browser.swift in Sources */ = {isa = PBXBuildFile; fileRef = 80A82A6A2941A1A700DB401B /* PeersC+Browser.swift */; };
		80A82A6D2941A1D100DB401B /* PeersC+Session.swift in Sources */ = {isa = PBXBuildFile; fileRef = 80A82A6C2941A1D100DB401B /* PeersC+Session.swift */; };
		80A82A6F2942B98D00DB401B /* PeersC+Stream.swift in Sources */ = {isa = PBXBuildFile; fileRef = 80A82A6E2942B98D00DB401B /* PeersC+Stream.swift */; };
/* End PBXBuildFile section */

/* Begin PBXFileReference section */
		8085C40F293C8AC500975214 /* MultiPeer.app */ = {isa = PBXFileReference; explicitFileType = wrapper.application; includeInIndex = 0; path = MultiPeer.app; sourceTree = BUILT_PRODUCTS_DIR; };
		8085C412293C8AC500975214 /* MultiPeerApp.swift */ = {isa = PBXFileReference; lastKnownFileType = sourcecode.swift; path = MultiPeerApp.swift; sourceTree = "<group>"; };
		8085C414293C8AC500975214 /* PeersView.swift */ = {isa = PBXFileReference; lastKnownFileType = sourcecode.swift; path = PeersView.swift; sourceTree = "<group>"; };
		8085C416293C8AC600975214 /* Assets.xcassets */ = {isa = PBXFileReference; lastKnownFileType = folder.assetcatalog; path = Assets.xcassets; sourceTree = "<group>"; };
		8085C418293C8AC600975214 /* MultiPeer.entitlements */ = {isa = PBXFileReference; lastKnownFileType = text.plist.entitlements; path = MultiPeer.entitlements; sourceTree = "<group>"; };
		8085C41A293C8AC600975214 /* Preview Assets.xcassets */ = {isa = PBXFileReference; lastKnownFileType = folder.assetcatalog; path = "Preview Assets.xcassets"; sourceTree = "<group>"; };
		8085C423293C8B1500975214 /* PeersVm.swift */ = {isa = PBXFileReference; fileEncoding = 4; lastKnownFileType = sourcecode.swift; path = PeersVm.swift; sourceTree = "<group>"; };
		8085C425293C8B2500975214 /* PeersController.swift */ = {isa = PBXFileReference; fileEncoding = 4; lastKnownFileType = sourcecode.swift; path = PeersController.swift; sourceTree = "<group>"; };
		8085C427293C940D00975214 /* Info.plist */ = {isa = PBXFileReference; lastKnownFileType = text.plist; path = Info.plist; sourceTree = "<group>"; };
		8085C428293D8DF700975214 /* Extensions.swift */ = {isa = PBXFileReference; lastKnownFileType = sourcecode.swift; path = Extensions.swift; sourceTree = "<group>"; };
		80A82A682941A17A00DB401B /* PeersC+Advertiser.swift */ = {isa = PBXFileReference; lastKnownFileType = sourcecode.swift; path = "PeersC+Advertiser.swift"; sourceTree = "<group>"; };
		80A82A6A2941A1A700DB401B /* PeersC+Browser.swift */ = {isa = PBXFileReference; lastKnownFileType = sourcecode.swift; path = "PeersC+Browser.swift"; sourceTree = "<group>"; };
		80A82A6C2941A1D100DB401B /* PeersC+Session.swift */ = {isa = PBXFileReference; lastKnownFileType = sourcecode.swift; path = "PeersC+Session.swift"; sourceTree = "<group>"; };
		80A82A6E2942B98D00DB401B /* PeersC+Stream.swift */ = {isa = PBXFileReference; lastKnownFileType = sourcecode.swift; path = "PeersC+Stream.swift"; sourceTree = "<group>"; };
/* End PBXFileReference section */

/* Begin PBXFrameworksBuildPhase section */
		8085C40C293C8AC500975214 /* Frameworks */ = {
			isa = PBXFrameworksBuildPhase;
			buildActionMask = 2147483647;
			files = (
			);
			runOnlyForDeploymentPostprocessing = 0;
		};
/* End PBXFrameworksBuildPhase section */

/* Begin PBXGroup section */
		8085C406293C8AC500975214 = {
			isa = PBXGroup;
			children = (
				8085C411293C8AC500975214 /* MultiPeer */,
				8085C410293C8AC500975214 /* Products */,
			);
			sourceTree = "<group>";
		};
		8085C410293C8AC500975214 /* Products */ = {
			isa = PBXGroup;
			children = (
				8085C40F293C8AC500975214 /* MultiPeer.app */,
			);
			name = Products;
			sourceTree = "<group>";
		};
		8085C411293C8AC500975214 /* MultiPeer */ = {
			isa = PBXGroup;
			children = (
				8085C427293C940D00975214 /* Info.plist */,
				8085C412293C8AC500975214 /* MultiPeerApp.swift */,
				8085C423293C8B1500975214 /* PeersVm.swift */,
				8085C414293C8AC500975214 /* PeersView.swift */,
				8085C425293C8B2500975214 /* PeersController.swift */,
				80A82A6C2941A1D100DB401B /* PeersC+Session.swift */,
				80A82A6E2942B98D00DB401B /* PeersC+Stream.swift */,
				80A82A6A2941A1A700DB401B /* PeersC+Browser.swift */,
				80A82A682941A17A00DB401B /* PeersC+Advertiser.swift */,
				8085C428293D8DF700975214 /* Extensions.swift */,
				8085C416293C8AC600975214 /* Assets.xcassets */,
				8085C418293C8AC600975214 /* MultiPeer.entitlements */,
				8085C419293C8AC600975214 /* Preview Content */,
			);
			path = MultiPeer;
			sourceTree = "<group>";
		};
		8085C419293C8AC600975214 /* Preview Content */ = {
			isa = PBXGroup;
			children = (
				8085C41A293C8AC600975214 /* Preview Assets.xcassets */,
			);
			path = "Preview Content";
			sourceTree = "<group>";
		};
/* End PBXGroup section */

/* Begin PBXNativeTarget section */
		8085C40E293C8AC500975214 /* MultiPeer */ = {
			isa = PBXNativeTarget;
			buildConfigurationList = 8085C41E293C8AC600975214 /* Build configuration list for PBXNativeTarget "MultiPeer" */;
			buildPhases = (
				8085C40B293C8AC500975214 /* Sources */,
				8085C40C293C8AC500975214 /* Frameworks */,
				8085C40D293C8AC500975214 /* Resources */,
			);
			buildRules = (
			);
			dependencies = (
			);
			name = MultiPeer;
			productName = MultiPeer;
			productReference = 8085C40F293C8AC500975214 /* MultiPeer.app */;
			productType = "com.apple.product-type.application";
		};
/* End PBXNativeTarget section */

/* Begin PBXProject section */
		8085C407293C8AC500975214 /* Project object */ = {
			isa = PBXProject;
			attributes = {
				BuildIndependentTargetsInParallel = 1;
				LastSwiftUpdateCheck = 1400;
				LastUpgradeCheck = 1400;
				TargetAttributes = {
					8085C40E293C8AC500975214 = {
						CreatedOnToolsVersion = 14.0.1;
					};
				};
			};
			buildConfigurationList = 8085C40A293C8AC500975214 /* Build configuration list for PBXProject "MultiPeer" */;
			compatibilityVersion = "Xcode 14.0";
			developmentRegion = en;
			hasScannedForEncodings = 0;
			knownRegions = (
				en,
				Base,
			);
			mainGroup = 8085C406293C8AC500975214;
			productRefGroup = 8085C410293C8AC500975214 /* Products */;
			projectDirPath = "";
			projectRoot = "";
			targets = (
				8085C40E293C8AC500975214 /* MultiPeer */,
			);
		};
/* End PBXProject section */

/* Begin PBXResourcesBuildPhase section */
		8085C40D293C8AC500975214 /* Resources */ = {
			isa = PBXResourcesBuildPhase;
			buildActionMask = 2147483647;
			files = (
				8085C41B293C8AC600975214 /* Preview Assets.xcassets in Resources */,
				8085C417293C8AC600975214 /* Assets.xcassets in Resources */,
			);
			runOnlyForDeploymentPostprocessing = 0;
		};
/* End PBXResourcesBuildPhase section */

/* Begin PBXSourcesBuildPhase section */
		8085C40B293C8AC500975214 /* Sources */ = {
			isa = PBXSourcesBuildPhase;
			buildActionMask = 2147483647;
			files = (
				80A82A6D2941A1D100DB401B /* PeersC+Session.swift in Sources */,
				8085C429293D8DF700975214 /* Extensions.swift in Sources */,
				8085C424293C8B1500975214 /* PeersVm.swift in Sources */,
				80A82A692941A17A00DB401B /* PeersC+Advertiser.swift in Sources */,
				80A82A6B2941A1A700DB401B /* PeersC+Browser.swift in Sources */,
				80A82A6F2942B98D00DB401B /* PeersC+Stream.swift in Sources */,
				8085C415293C8AC500975214 /* PeersView.swift in Sources */,
				8085C413293C8AC500975214 /* MultiPeerApp.swift in Sources */,
				8085C426293C8B2500975214 /* PeersController.swift in Sources */,
			);
			runOnlyForDeploymentPostprocessing = 0;
		};
/* End PBXSourcesBuildPhase section */

/* Begin XCBuildConfiguration section */
		8085C41C293C8AC600975214 /* Debug */ = {
			isa = XCBuildConfiguration;
			buildSettings = {
				ALWAYS_SEARCH_USER_PATHS = NO;
				CLANG_ANALYZER_NONNULL = YES;
				CLANG_ANALYZER_NUMBER_OBJECT_CONVERSION = YES_AGGRESSIVE;
				CLANG_CXX_LANGUAGE_STANDARD = "gnu++20";
				CLANG_ENABLE_MODULES = YES;
				CLANG_ENABLE_OBJC_ARC = YES;
				CLANG_ENABLE_OBJC_WEAK = YES;
				CLANG_WARN_BLOCK_CAPTURE_AUTORELEASING = YES;
				CLANG_WARN_BOOL_CONVERSION = YES;
				CLANG_WARN_COMMA = YES;
				CLANG_WARN_CONSTANT_CONVERSION = YES;
				CLANG_WARN_DEPRECATED_OBJC_IMPLEMENTATIONS = YES;
				CLANG_WARN_DIRECT_OBJC_ISA_USAGE = YES_ERROR;
				CLANG_WARN_DOCUMENTATION_COMMENTS = YES;
				CLANG_WARN_EMPTY_BODY = YES;
				CLANG_WARN_ENUM_CONVERSION = YES;
				CLANG_WARN_INFINITE_RECURSION = YES;
				CLANG_WARN_INT_CONVERSION = YES;
				CLANG_WARN_NON_LITERAL_NULL_CONVERSION = YES;
				CLANG_WARN_OBJC_IMPLICIT_RETAIN_SELF = YES;
				CLANG_WARN_OBJC_LITERAL_CONVERSION = YES;
				CLANG_WARN_OBJC_ROOT_CLASS = YES_ERROR;
				CLANG_WARN_QUOTED_INCLUDE_IN_FRAMEWORK_HEADER = YES;
				CLANG_WARN_RANGE_LOOP_ANALYSIS = YES;
				CLANG_WARN_STRICT_PROTOTYPES = YES;
				CLANG_WARN_SUSPICIOUS_MOVE = YES;
				CLANG_WARN_UNGUARDED_AVAILABILITY = YES_AGGRESSIVE;
				CLANG_WARN_UNREACHABLE_CODE = YES;
				CLANG_WARN__DUPLICATE_METHOD_MATCH = YES;
				COPY_PHASE_STRIP = NO;
				DEBUG_INFORMATION_FORMAT = dwarf;
				ENABLE_STRICT_OBJC_MSGSEND = YES;
				ENABLE_TESTABILITY = YES;
				GCC_C_LANGUAGE_STANDARD = gnu11;
				GCC_DYNAMIC_NO_PIC = NO;
				GCC_NO_COMMON_BLOCKS = YES;
				GCC_OPTIMIZATION_LEVEL = 0;
				GCC_PREPROCESSOR_DEFINITIONS = (
					"DEBUG=1",
					"$(inherited)",
				);
				GCC_WARN_64_TO_32_BIT_CONVERSION = YES;
				GCC_WARN_ABOUT_RETURN_TYPE = YES_ERROR;
				GCC_WARN_UNDECLARED_SELECTOR = YES;
				GCC_WARN_UNINITIALIZED_AUTOS = YES_AGGRESSIVE;
				GCC_WARN_UNUSED_FUNCTION = YES;
				GCC_WARN_UNUSED_VARIABLE = YES;
				MTL_ENABLE_DEBUG_INFO = INCLUDE_SOURCE;
				MTL_FAST_MATH = YES;
				ONLY_ACTIVE_ARCH = YES;
				SWIFT_ACTIVE_COMPILATION_CONDITIONS = DEBUG;
				SWIFT_OPTIMIZATION_LEVEL = "-Onone";
			};
			name = Debug;
		};
		8085C41D293C8AC600975214 /* Release */ = {
			isa = XCBuildConfiguration;
			buildSettings = {
				ALWAYS_SEARCH_USER_PATHS = NO;
				CLANG_ANALYZER_NONNULL = YES;
				CLANG_ANALYZER_NUMBER_OBJECT_CONVERSION = YES_AGGRESSIVE;
				CLANG_CXX_LANGUAGE_STANDARD = "gnu++20";
				CLANG_ENABLE_MODULES = YES;
				CLANG_ENABLE_OBJC_ARC = YES;
				CLANG_ENABLE_OBJC_WEAK = YES;
				CLANG_WARN_BLOCK_CAPTURE_AUTORELEASING = YES;
				CLANG_WARN_BOOL_CONVERSION = YES;
				CLANG_WARN_COMMA = YES;
				CLANG_WARN_CONSTANT_CONVERSION = YES;
				CLANG_WARN_DEPRECATED_OBJC_IMPLEMENTATIONS = YES;
				CLANG_WARN_DIRECT_OBJC_ISA_USAGE = YES_ERROR;
				CLANG_WARN_DOCUMENTATION_COMMENTS = YES;
				CLANG_WARN_EMPTY_BODY = YES;
				CLANG_WARN_ENUM_CONVERSION = YES;
				CLANG_WARN_INFINITE_RECURSION = YES;
				CLANG_WARN_INT_CONVERSION = YES;
				CLANG_WARN_NON_LITERAL_NULL_CONVERSION = YES;
				CLANG_WARN_OBJC_IMPLICIT_RETAIN_SELF = YES;
				CLANG_WARN_OBJC_LITERAL_CONVERSION = YES;
				CLANG_WARN_OBJC_ROOT_CLASS = YES_ERROR;
				CLANG_WARN_QUOTED_INCLUDE_IN_FRAMEWORK_HEADER = YES;
				CLANG_WARN_RANGE_LOOP_ANALYSIS = YES;
				CLANG_WARN_STRICT_PROTOTYPES = YES;
				CLANG_WARN_SUSPICIOUS_MOVE = YES;
				CLANG_WARN_UNGUARDED_AVAILABILITY = YES_AGGRESSIVE;
				CLANG_WARN_UNREACHABLE_CODE = YES;
				CLANG_WARN__DUPLICATE_METHOD_MATCH = YES;
				COPY_PHASE_STRIP = NO;
				DEBUG_INFORMATION_FORMAT = "dwarf-with-dsym";
				ENABLE_NS_ASSERTIONS = NO;
				ENABLE_STRICT_OBJC_MSGSEND = YES;
				GCC_C_LANGUAGE_STANDARD = gnu11;
				GCC_NO_COMMON_BLOCKS = YES;
				GCC_WARN_64_TO_32_BIT_CONVERSION = YES;
				GCC_WARN_ABOUT_RETURN_TYPE = YES_ERROR;
				GCC_WARN_UNDECLARED_SELECTOR = YES;
				GCC_WARN_UNINITIALIZED_AUTOS = YES_AGGRESSIVE;
				GCC_WARN_UNUSED_FUNCTION = YES;
				GCC_WARN_UNUSED_VARIABLE = YES;
				MTL_ENABLE_DEBUG_INFO = NO;
				MTL_FAST_MATH = YES;
				SWIFT_COMPILATION_MODE = wholemodule;
				SWIFT_OPTIMIZATION_LEVEL = "-O";
			};
			name = Release;
		};
		8085C41F293C8AC600975214 /* Debug */ = {
			isa = XCBuildConfiguration;
			buildSettings = {
				ASSETCATALOG_COMPILER_APPICON_NAME = AppIcon;
				ASSETCATALOG_COMPILER_GLOBAL_ACCENT_COLOR_NAME = AccentColor;
				CODE_SIGN_ENTITLEMENTS = MultiPeer/MultiPeer.entitlements;
				CODE_SIGN_STYLE = Automatic;
				CURRENT_PROJECT_VERSION = 1;
				DEVELOPMENT_ASSET_PATHS = "\"MultiPeer/Preview Content\"";
				DEVELOPMENT_TEAM = 9AVP5GX45R;
				ENABLE_HARDENED_RUNTIME = YES;
				ENABLE_PREVIEWS = YES;
				GENERATE_INFOPLIST_FILE = YES;
				INFOPLIST_FILE = MultiPeer/Info.plist;
				INFOPLIST_KEY_NSLocalNetworkUsageDescription = "P2P Testing";
				"INFOPLIST_KEY_UIApplicationSceneManifest_Generation[sdk=iphoneos*]" = YES;
				"INFOPLIST_KEY_UIApplicationSceneManifest_Generation[sdk=iphonesimulator*]" = YES;
				"INFOPLIST_KEY_UIApplicationSupportsIndirectInputEvents[sdk=iphoneos*]" = YES;
				"INFOPLIST_KEY_UIApplicationSupportsIndirectInputEvents[sdk=iphonesimulator*]" = YES;
				"INFOPLIST_KEY_UILaunchScreen_Generation[sdk=iphoneos*]" = YES;
				"INFOPLIST_KEY_UILaunchScreen_Generation[sdk=iphonesimulator*]" = YES;
				"INFOPLIST_KEY_UIStatusBarStyle[sdk=iphoneos*]" = UIStatusBarStyleDefault;
				"INFOPLIST_KEY_UIStatusBarStyle[sdk=iphonesimulator*]" = UIStatusBarStyleDefault;
				INFOPLIST_KEY_UISupportedInterfaceOrientations_iPad = "UIInterfaceOrientationPortrait UIInterfaceOrientationPortraitUpsideDown UIInterfaceOrientationLandscapeLeft UIInterfaceOrientationLandscapeRight";
				INFOPLIST_KEY_UISupportedInterfaceOrientations_iPhone = "UIInterfaceOrientationPortrait UIInterfaceOrientationLandscapeLeft UIInterfaceOrientationLandscapeRight";
				IPHONEOS_DEPLOYMENT_TARGET = 15.6;
				LD_RUNPATH_SEARCH_PATHS = "@executable_path/Frameworks";
				"LD_RUNPATH_SEARCH_PATHS[sdk=macosx*]" = "@executable_path/../Frameworks";
				MACOSX_DEPLOYMENT_TARGET = 12.3;
				MARKETING_VERSION = 1.0;
				PRODUCT_BUNDLE_IDENTIFIER = com.deepmuse.MultiPeer;
				PRODUCT_NAME = "$(TARGET_NAME)";
				SDKROOT = auto;
				SUPPORTED_PLATFORMS = "iphoneos iphonesimulator";
				SUPPORTS_MACCATALYST = NO;
				SUPPORTS_MAC_DESIGNED_FOR_IPHONE_IPAD = NO;
				SWIFT_EMIT_LOC_STRINGS = YES;
				SWIFT_VERSION = 5.0;
				TARGETED_DEVICE_FAMILY = "1,2";
			};
			name = Debug;
		};
		8085C420293C8AC600975214 /* Release */ = {
			isa = XCBuildConfiguration;
			buildSettings = {
				ASSETCATALOG_COMPILER_APPICON_NAME = AppIcon;
				ASSETCATALOG_COMPILER_GLOBAL_ACCENT_COLOR_NAME = AccentColor;
				CODE_SIGN_ENTITLEMENTS = MultiPeer/MultiPeer.entitlements;
				CODE_SIGN_STYLE = Automatic;
				CURRENT_PROJECT_VERSION = 1;
				DEVELOPMENT_ASSET_PATHS = "\"MultiPeer/Preview Content\"";
				DEVELOPMENT_TEAM = 9AVP5GX45R;
				ENABLE_HARDENED_RUNTIME = YES;
				ENABLE_PREVIEWS = YES;
				GENERATE_INFOPLIST_FILE = YES;
				INFOPLIST_FILE = MultiPeer/Info.plist;
				INFOPLIST_KEY_NSLocalNetworkUsageDescription = "P2P Testing";
				"INFOPLIST_KEY_UIApplicationSceneManifest_Generation[sdk=iphoneos*]" = YES;
				"INFOPLIST_KEY_UIApplicationSceneManifest_Generation[sdk=iphonesimulator*]" = YES;
				"INFOPLIST_KEY_UIApplicationSupportsIndirectInputEvents[sdk=iphoneos*]" = YES;
				"INFOPLIST_KEY_UIApplicationSupportsIndirectInputEvents[sdk=iphonesimulator*]" = YES;
				"INFOPLIST_KEY_UILaunchScreen_Generation[sdk=iphoneos*]" = YES;
				"INFOPLIST_KEY_UILaunchScreen_Generation[sdk=iphonesimulator*]" = YES;
				"INFOPLIST_KEY_UIStatusBarStyle[sdk=iphoneos*]" = UIStatusBarStyleDefault;
				"INFOPLIST_KEY_UIStatusBarStyle[sdk=iphonesimulator*]" = UIStatusBarStyleDefault;
				INFOPLIST_KEY_UISupportedInterfaceOrientations_iPad = "UIInterfaceOrientationPortrait UIInterfaceOrientationPortraitUpsideDown UIInterfaceOrientationLandscapeLeft UIInterfaceOrientationLandscapeRight";
				INFOPLIST_KEY_UISupportedInterfaceOrientations_iPhone = "UIInterfaceOrientationPortrait UIInterfaceOrientationLandscapeLeft UIInterfaceOrientationLandscapeRight";
				IPHONEOS_DEPLOYMENT_TARGET = 15.6;
				LD_RUNPATH_SEARCH_PATHS = "@executable_path/Frameworks";
				"LD_RUNPATH_SEARCH_PATHS[sdk=macosx*]" = "@executable_path/../Frameworks";
				MACOSX_DEPLOYMENT_TARGET = 12.3;
				MARKETING_VERSION = 1.0;
				PRODUCT_BUNDLE_IDENTIFIER = com.deepmuse.MultiPeer;
				PRODUCT_NAME = "$(TARGET_NAME)";
				SDKROOT = auto;
				SUPPORTED_PLATFORMS = "iphoneos iphonesimulator";
				SUPPORTS_MACCATALYST = NO;
				SUPPORTS_MAC_DESIGNED_FOR_IPHONE_IPAD = NO;
				SWIFT_EMIT_LOC_STRINGS = YES;
				SWIFT_VERSION = 5.0;
				TARGETED_DEVICE_FAMILY = "1,2";
			};
			name = Release;
		};
/* End XCBuildConfiguration section */

/* Begin XCConfigurationList section */
		8085C40A293C8AC500975214 /* Build configuration list for PBXProject "MultiPeer" */ = {
			isa = XCConfigurationList;
			buildConfigurations = (
				8085C41C293C8AC600975214 /* Debug */,
				8085C41D293C8AC600975214 /* Release */,
			);
			defaultConfigurationIsVisible = 0;
			defaultConfigurationName = Release;
		};
		8085C41E293C8AC600975214 /* Build configuration list for PBXNativeTarget "MultiPeer" */ = {
			isa = XCConfigurationList;
			buildConfigurations = (
				8085C41F293C8AC600975214 /* Debug */,
				8085C420293C8AC600975214 /* Release */,
			);
			defaultConfigurationIsVisible = 0;
			defaultConfigurationName = Release;
		};
/* End XCConfigurationList section */
	};
	rootObject = 8085C407293C8AC500975214 /* Project object */;
}
